lockfileVersion: '9.0'

settings:
  autoInstallPeers: true
  excludeLinksFromLockfile: false

importers:

  .:
    dependencies:
      '@devcontainers/cli':
        specifier: ^0.76.0
        version: 0.76.0

packages:

  '@devcontainers/cli@0.76.0':
    resolution: {integrity: sha512-LeXAmduPfpr3dGp7A6536a9drqUOxr5qJ96eF/bnVgeJHapFFPP0ABmcZlF/gCNHwATIh29B0f3rGZJpgLVG/g==}
    engines: {node: ^16.13.0 || >=18.0.0}
    hasBin: true

snapshots:

  '@devcontainers/cli@0.76.0': {}
